github.com/jbenet/go-context v0.0.0-20150711004518-d14ea06fba99 h1:BQSFePA1RWJOlocH6Fxy8MmwDt+yVQYULKfN0RoTN8A=
github.com/jbenet/go-context v0.0.0-20150711004518-d14ea06fba99/go.mod h1:1lJo3i6rXxKeerYnT8Nvf0QmHCRC1n8sfWVwXF2Frvo=
golang.org/x/net v0.0.0-20220708220712-1185a9018129 h1:vucSRfWwTsoXro7P+3Cjlr6flUMtzCwzlvkxEQtHHB0=
golang.org/x/net v0.0.0-20220708220712-1185a9018129/go.mod h1:XRhObCWvk6IyKnWLug+ECip1KBveYUHfp+8e9klMJ9c=
